
Microsoft Visual Studio Solution File, Format Version 12.00
# Visual Studio Version 16
VisualStudioVersion = 16.0.28922.388
MinimumVisualStudioVersion = 10.0.40219.1
Project("{FAE04EC0-301F-11D3-BF4B-00C04F79EFBC}") = "OnlineShop", "OnlineShop\OnlineShop.csproj", "{5C7BF305-1A28-46A1-AC44-23B8538F643F}"
EndProject
Project("{FAE04EC0-301F-11D3-BF4B-00C04F79EFBC}") = "OnlineShop.Tests", "OnlineShop.Tests\OnlineShop.Tests.csproj", "{CF8B0714-DFDC-4D27-B23D-B432573DC304}"
EndProject
Project("{FAE04EC0-301F-11D3-BF4B-00C04F79EFBC}") = "Model", "Model\Model.csproj", "{EDE65A72-55A3-44E3-91FC-85E0BEF22C7A}"
EndProject
Global
	GlobalSection(SolutionConfigurationPlatforms) = preSolution
		Debug|Any CPU = Debug|Any CPU
		Release|Any CPU = Release|Any CPU
	EndGlobalSection
	GlobalSection(ProjectConfigurationPlatforms) = postSolution
		{5C7BF305-1A28-46A1-AC44-23B8538F643F}.Debug|Any CPU.ActiveCfg = Debug|Any CPU
		{5C7BF305-1A28-46A1-AC44-23B8538F643F}.Debug|Any CPU.Build.0 = Debug|Any CPU
		{5C7BF305-1A28-46A1-AC44-23B8538F643F}.Release|Any CPU.ActiveCfg = Release|Any CPU
		{5C7BF305-1A28-46A1-AC44-23B8538F643F}.Release|Any CPU.Build.0 = Release|Any CPU
		{CF8B0714-DFDC-4D27-B23D-B432573DC304}.Debug|Any CPU.ActiveCfg = Debug|Any CPU
		{CF8B0714-DFDC-4D27-B23D-B432573DC304}.Debug|Any CPU.Build.0 = Debug|Any CPU
		{CF8B0714-DFDC-4D27-B23D-B432573DC304}.Release|Any CPU.ActiveCfg = Release|Any CPU
		{CF8B0714-DFDC-4D27-B23D-B432573DC304}.Release|Any CPU.Build.0 = Release|Any CPU
		{EDE65A72-55A3-44E3-91FC-85E0BEF22C7A}.Debug|Any CPU.ActiveCfg = Debug|Any CPU
		{EDE65A72-55A3-44E3-91FC-85E0BEF22C7A}.Debug|Any CPU.Build.0 = Debug|Any CPU
		{EDE65A72-55A3-44E3-91FC-85E0BEF22C7A}.Release|Any CPU.ActiveCfg = Release|Any CPU
		{EDE65A72-55A3-44E3-91FC-85E0BEF22C7A}.Release|Any CPU.Build.0 = Release|Any CPU
	EndGlobalSection
	GlobalSection(SolutionProperties) = preSolution
		HideSolutionNode = FALSE
	EndGlobalSection
	GlobalSection(ExtensibilityGlobals) = postSolution
		SolutionGuid = {A934AE8C-B70F-4536-9D58-169429B2B23E}
	EndGlobalSection
EndGlobal
