
Microsoft Visual Studio Solution File, Format Version 12.00
# Visual Studio Version 16
VisualStudioVersion = 16.0.28922.388
MinimumVisualStudioVersion = 10.0.40219.1
Project("{FAE04EC0-301F-11D3-BF4B-00C04F79EFBC}") = "Web1Clone", "Web1Clone\Web1Clone.csproj", "{B5E97359-7084-4885-A121-FF28C107AAB5}"
EndProject
Global
	GlobalSection(SolutionConfigurationPlatforms) = preSolution
		Debug|Any CPU = Debug|Any CPU
		Release|Any CPU = Release|Any CPU
	EndGlobalSection
	GlobalSection(ProjectConfigurationPlatforms) = postSolution
		{B5E97359-7084-4885-A121-FF28C107AAB5}.Debug|Any CPU.ActiveCfg = Debug|Any CPU
		{B5E97359-7084-4885-A121-FF28C107AAB5}.Debug|Any CPU.Build.0 = Debug|Any CPU
		{B5E97359-7084-4885-A121-FF28C107AAB5}.Release|Any CPU.ActiveCfg = Release|Any CPU
		{B5E97359-7084-4885-A121-FF28C107AAB5}.Release|Any CPU.Build.0 = Release|Any CPU
	EndGlobalSection
	GlobalSection(SolutionProperties) = preSolution
		HideSolutionNode = FALSE
	EndGlobalSection
	GlobalSection(ExtensibilityGlobals) = postSolution
		SolutionGuid = {B9D600D2-4DA6-4BE6-BDC7-6F0BF138DCF0}
	EndGlobalSection
EndGlobal
